
Microsoft Visual Studio Solution File, Format Version 12.00
# Visual Studio 15
VisualStudioVersion = 15.0.26730.16
MinimumVisualStudioVersion = 10.0.40219.1
Project("{FAE04EC0-301F-11D3-BF4B-00C04F79EFBC}") = "Web", "Web\Web.csproj", "{D5621A4D-06B8-4092-9084-4B76F7EA87E8}"
EndProject
Project("{FAE04EC0-301F-11D3-BF4B-00C04F79EFBC}") = "Web.Common", "Web.Common\Web.Common.csproj", "{2D5DDE3B-93B8-4A2C-9D7B-C7744B09B26E}"
EndProject
Global
	GlobalSection(SolutionConfigurationPlatforms) = preSolution
		Debug|Any CPU = Debug|Any CPU
		Release|Any CPU = Release|Any CPU
	EndGlobalSection
	GlobalSection(ProjectConfigurationPlatforms) = postSolution
		{D5621A4D-06B8-4092-9084-4B76F7EA87E8}.Debug|Any CPU.ActiveCfg = Debug|Any CPU
		{D5621A4D-06B8-4092-9084-4B76F7EA87E8}.Debug|Any CPU.Build.0 = Debug|Any CPU
		{D5621A4D-06B8-4092-9084-4B76F7EA87E8}.Release|Any CPU.ActiveCfg = Release|Any CPU
		{D5621A4D-06B8-4092-9084-4B76F7EA87E8}.Release|Any CPU.Build.0 = Release|Any CPU
		{2D5DDE3B-93B8-4A2C-9D7B-C7744B09B26E}.Debug|Any CPU.ActiveCfg = Debug|Any CPU
		{2D5DDE3B-93B8-4A2C-9D7B-C7744B09B26E}.Debug|Any CPU.Build.0 = Debug|Any CPU
		{2D5DDE3B-93B8-4A2C-9D7B-C7744B09B26E}.Release|Any CPU.ActiveCfg = Release|Any CPU
		{2D5DDE3B-93B8-4A2C-9D7B-C7744B09B26E}.Release|Any CPU.Build.0 = Release|Any CPU
	EndGlobalSection
	GlobalSection(SolutionProperties) = preSolution
		HideSolutionNode = FALSE
	EndGlobalSection
	GlobalSection(ExtensibilityGlobals) = postSolution
		SolutionGuid = {4EE8B366-22B6-413B-82D7-DB6CDF574DC3}
	EndGlobalSection
EndGlobal
